// !$*UTF8*$!
{
	archiveVersion = 1;
	classes = {
	};
	objectVersion = 55;
	objects = {

/* Begin PBXBuildFile section */
		E117647727A2F42200C1285F /* MTImageService.swift in Sources */ = {isa = PBXBuildFile; fileRef = E117647627A2F42200C1285F /* MTImageService.swift */; };
		E117647A27A2F49000C1285F /* Cancellable.swift in Sources */ = {isa = PBXBuildFile; fileRef = E117647927A2F49000C1285F /* Cancellable.swift */; };
		E117647C27A2F4DC00C1285F /* URLSessionTask+Cancellable.swift in Sources */ = {isa = PBXBuildFile; fileRef = E117647B27A2F4DC00C1285F /* URLSessionTask+Cancellable.swift */; };
		E121F0F8278508A400E354E5 /* MTCategoriesDiffableDataSource.swift in Sources */ = {isa = PBXBuildFile; fileRef = E121F0F7278508A400E354E5 /* MTCategoriesDiffableDataSource.swift */; };
		E13BEA902765A05400368ABF /* MTNetworkManager.swift in Sources */ = {isa = PBXBuildFile; fileRef = E13BEA8F2765A05400368ABF /* MTNetworkManager.swift */; };
		E13BEA922765A18100368ABF /* MTCategory.swift in Sources */ = {isa = PBXBuildFile; fileRef = E13BEA912765A18100368ABF /* MTCategory.swift */; };
		E13BEA942765A2B500368ABF /* MTMeal.swift in Sources */ = {isa = PBXBuildFile; fileRef = E13BEA932765A2B500368ABF /* MTMeal.swift */; };
		E13BEA982765A65A00368ABF /* MTMealsResponse.swift in Sources */ = {isa = PBXBuildFile; fileRef = E13BEA972765A65A00368ABF /* MTMealsResponse.swift */; };
		E13BEA9A2765ACFF00368ABF /* MTNetworkingError.swift in Sources */ = {isa = PBXBuildFile; fileRef = E13BEA992765ACFF00368ABF /* MTNetworkingError.swift */; };
		E13BEA9F2765D0E300368ABF /* MTNavigationController.swift in Sources */ = {isa = PBXBuildFile; fileRef = E13BEA9E2765D0E300368ABF /* MTNavigationController.swift */; };
		E13BEAA12765E4D800368ABF /* MTMealDetail.swift in Sources */ = {isa = PBXBuildFile; fileRef = E13BEAA02765E4D800368ABF /* MTMealDetail.swift */; };
		E13BEAA3276605A600368ABF /* MTMealsDetailResponse.swift in Sources */ = {isa = PBXBuildFile; fileRef = E13BEAA2276605A600368ABF /* MTMealsDetailResponse.swift */; };
		E13BEAA52766117900368ABF /* MTCategoriesResponse.swift in Sources */ = {isa = PBXBuildFile; fileRef = E13BEAA42766117900368ABF /* MTCategoriesResponse.swift */; };
		E13BEAA727667EFC00368ABF /* UIViewController+Ext.swift in Sources */ = {isa = PBXBuildFile; fileRef = E13BEAA627667EFC00368ABF /* UIViewController+Ext.swift */; };
		E13BEAB12766A11500368ABF /* MTCategoryCollectionViewCell.swift in Sources */ = {isa = PBXBuildFile; fileRef = E13BEAB02766A11500368ABF /* MTCategoryCollectionViewCell.swift */; };
		E13BEAB32766B89700368ABF /* MTSymbol.swift in Sources */ = {isa = PBXBuildFile; fileRef = E13BEAB22766B89700368ABF /* MTSymbol.swift */; };
		E13BEAB52766BBDC00368ABF /* UIColor+Ext.swift in Sources */ = {isa = PBXBuildFile; fileRef = E13BEAB42766BBDC00368ABF /* UIColor+Ext.swift */; };
		E13BEAB72766EEF000368ABF /* UIView+Ext.swift in Sources */ = {isa = PBXBuildFile; fileRef = E13BEAB62766EEF000368ABF /* UIView+Ext.swift */; };
		E13BEABA2766F94700368ABF /* MTMealsViewController.swift in Sources */ = {isa = PBXBuildFile; fileRef = E13BEAB92766F94700368ABF /* MTMealsViewController.swift */; };
		E13BEAC02767150600368ABF /* MTMealsTableViewCell.swift in Sources */ = {isa = PBXBuildFile; fileRef = E13BEABF2767150600368ABF /* MTMealsTableViewCell.swift */; };
		E13BEAC22767164B00368ABF /* MTThumbnailImageView.swift in Sources */ = {isa = PBXBuildFile; fileRef = E13BEAC12767164B00368ABF /* MTThumbnailImageView.swift */; };
		E13BEAC42767168500368ABF /* MTBodyLabel.swift in Sources */ = {isa = PBXBuildFile; fileRef = E13BEAC32767168500368ABF /* MTBodyLabel.swift */; };
		E13BEACB276727BF00368ABF /* MTMealDetailViewController.swift in Sources */ = {isa = PBXBuildFile; fileRef = E13BEACA276727BF00368ABF /* MTMealDetailViewController.swift */; };
		E13BEACD2767350100368ABF /* MTMealDetailTitleTableViewCell.swift in Sources */ = {isa = PBXBuildFile; fileRef = E13BEACC2767350100368ABF /* MTMealDetailTitleTableViewCell.swift */; };
		E13BEACF2767352700368ABF /* MTMealDetailBannerTableViewCell.swift in Sources */ = {isa = PBXBuildFile; fileRef = E13BEACE2767352700368ABF /* MTMealDetailBannerTableViewCell.swift */; };
		E13BEAD22767354E00368ABF /* MTMealDetailIngredientTableViewCell.swift in Sources */ = {isa = PBXBuildFile; fileRef = E13BEAD12767354E00368ABF /* MTMealDetailIngredientTableViewCell.swift */; };
		E13BEAD42767358A00368ABF /* MTMealDetailPreparationTableViewCell.swift in Sources */ = {isa = PBXBuildFile; fileRef = E13BEAD32767358A00368ABF /* MTMealDetailPreparationTableViewCell.swift */; };
		E13BEADA27678A0400368ABF /* MTTitleLabel.swift in Sources */ = {isa = PBXBuildFile; fileRef = E13BEAD927678A0400368ABF /* MTTitleLabel.swift */; };
		E13BEADC2767A42500368ABF /* MTMealDetailLabel.swift in Sources */ = {isa = PBXBuildFile; fileRef = E13BEADB2767A42500368ABF /* MTMealDetailLabel.swift */; };
		E13BEADE2767AC5F00368ABF /* MTMealDetailYoutubeTableViewCell.swift in Sources */ = {isa = PBXBuildFile; fileRef = E13BEADD2767AC5F00368ABF /* MTMealDetailYoutubeTableViewCell.swift */; };
		E13BEAE32772C3D200368ABF /* MTMealsViewController+UITableViewDataSource.swift in Sources */ = {isa = PBXBuildFile; fileRef = E13BEAE22772C3D200368ABF /* MTMealsViewController+UITableViewDataSource.swift */; };
		E13BEAE52772C3E800368ABF /* MTMealsViewController+UITableViewDelegate.swift in Sources */ = {isa = PBXBuildFile; fileRef = E13BEAE42772C3E800368ABF /* MTMealsViewController+UITableViewDelegate.swift */; };
		E13BEAE72772C44200368ABF /* MTMealDetailViewController+UITableViewDataSource.swift in Sources */ = {isa = PBXBuildFile; fileRef = E13BEAE62772C44200368ABF /* MTMealDetailViewController+UITableViewDataSource.swift */; };
		E13BEAE92772C45900368ABF /* MTMealDetailViewController+UITableViewDelegate.swift in Sources */ = {isa = PBXBuildFile; fileRef = E13BEAE82772C45900368ABF /* MTMealDetailViewController+UITableViewDelegate.swift */; };
		E13BEAEB2772C63000368ABF /* MTCategoriesViewController+UICollectionViewDelegateFlowLayout.swift in Sources */ = {isa = PBXBuildFile; fileRef = E13BEAEA2772C63000368ABF /* MTCategoriesViewController+UICollectionViewDelegateFlowLayout.swift */; };
		E1653705276589420019E76F /* AppDelegate.swift in Sources */ = {isa = PBXBuildFile; fileRef = E1653704276589420019E76F /* AppDelegate.swift */; };
		E1653707276589420019E76F /* SceneDelegate.swift in Sources */ = {isa = PBXBuildFile; fileRef = E1653706276589420019E76F /* SceneDelegate.swift */; };
		E165370E276589470019E76F /* Assets.xcassets in Resources */ = {isa = PBXBuildFile; fileRef = E165370D276589470019E76F /* Assets.xcassets */; };
		E1653711276589470019E76F /* LaunchScreen.storyboard in Resources */ = {isa = PBXBuildFile; fileRef = E165370F276589470019E76F /* LaunchScreen.storyboard */; };
		E165372027658C900019E76F /* MTCategoriesViewController.swift in Sources */ = {isa = PBXBuildFile; fileRef = E165371F27658C900019E76F /* MTCategoriesViewController.swift */; };
		E1F95ED327A3891100ED3CB1 /* MealTimeAppTests.swift in Sources */ = {isa = PBXBuildFile; fileRef = E1F95ED227A3891100ED3CB1 /* MealTimeAppTests.swift */; };
		E1F95EDA27A38B7700ED3CB1 /* MTImageServiceTests.swift in Sources */ = {isa = PBXBuildFile; fileRef = E1F95ED927A38B7700ED3CB1 /* MTImageServiceTests.swift */; };
		E1F95EDE27A399F000ED3CB1 /* URLSessionStub.swift in Sources */ = {isa = PBXBuildFile; fileRef = E1F95EDD27A399F000ED3CB1 /* URLSessionStub.swift */; };
/* End PBXBuildFile section */

/* Begin PBXContainerItemProxy section */
		E1F95ED427A3891100ED3CB1 /* PBXContainerItemProxy */ = {
			isa = PBXContainerItemProxy;
			containerPortal = E16536F9276589420019E76F /* Project object */;
			proxyType = 1;
			remoteGlobalIDString = E1653700276589420019E76F;
			remoteInfo = MealTimeApp;
		};
/* End PBXContainerItemProxy section */

/* Begin PBXFileReference section */
		E117647627A2F42200C1285F /* MTImageService.swift */ = {isa = PBXFileReference; lastKnownFileType = sourcecode.swift; path = MTImageService.swift; sourceTree = "<group>"; };
		E117647927A2F49000C1285F /* Cancellable.swift */ = {isa = PBXFileReference; lastKnownFileType = sourcecode.swift; path = Cancellable.swift; sourceTree = "<group>"; };
		E117647B27A2F4DC00C1285F /* URLSessionTask+Cancellable.swift */ = {isa = PBXFileReference; lastKnownFileType = sourcecode.swift; path = "URLSessionTask+Cancellable.swift"; sourceTree = "<group>"; };
		E121F0F7278508A400E354E5 /* MTCategoriesDiffableDataSource.swift */ = {isa = PBXFileReference; lastKnownFileType = sourcecode.swift; path = MTCategoriesDiffableDataSource.swift; sourceTree = "<group>"; };
		E13BEA8F2765A05400368ABF /* MTNetworkManager.swift */ = {isa = PBXFileReference; lastKnownFileType = sourcecode.swift; path = MTNetworkManager.swift; sourceTree = "<group>"; };
		E13BEA912765A18100368ABF /* MTCategory.swift */ = {isa = PBXFileReference; lastKnownFileType = sourcecode.swift; path = MTCategory.swift; sourceTree = "<group>"; };
		E13BEA932765A2B500368ABF /* MTMeal.swift */ = {isa = PBXFileReference; lastKnownFileType = sourcecode.swift; path = MTMeal.swift; sourceTree = "<group>"; };
		E13BEA972765A65A00368ABF /* MTMealsResponse.swift */ = {isa = PBXFileReference; lastKnownFileType = sourcecode.swift; path = MTMealsResponse.swift; sourceTree = "<group>"; };
		E13BEA992765ACFF00368ABF /* MTNetworkingError.swift */ = {isa = PBXFileReference; lastKnownFileType = sourcecode.swift; path = MTNetworkingError.swift; sourceTree = "<group>"; };
		E13BEA9E2765D0E300368ABF /* MTNavigationController.swift */ = {isa = PBXFileReference; lastKnownFileType = sourcecode.swift; path = MTNavigationController.swift; sourceTree = "<group>"; };
		E13BEAA02765E4D800368ABF /* MTMealDetail.swift */ = {isa = PBXFileReference; lastKnownFileType = sourcecode.swift; path = MTMealDetail.swift; sourceTree = "<group>"; };
		E13BEAA2276605A600368ABF /* MTMealsDetailResponse.swift */ = {isa = PBXFileReference; lastKnownFileType = sourcecode.swift; path = MTMealsDetailResponse.swift; sourceTree = "<group>"; };
		E13BEAA42766117900368ABF /* MTCategoriesResponse.swift */ = {isa = PBXFileReference; lastKnownFileType = sourcecode.swift; path = MTCategoriesResponse.swift; sourceTree = "<group>"; };
		E13BEAA627667EFC00368ABF /* UIViewController+Ext.swift */ = {isa = PBXFileReference; lastKnownFileType = sourcecode.swift; path = "UIViewController+Ext.swift"; sourceTree = "<group>"; };
		E13BEAB02766A11500368ABF /* MTCategoryCollectionViewCell.swift */ = {isa = PBXFileReference; lastKnownFileType = sourcecode.swift; path = MTCategoryCollectionViewCell.swift; sourceTree = "<group>"; };
		E13BEAB22766B89700368ABF /* MTSymbol.swift */ = {isa = PBXFileReference; lastKnownFileType = sourcecode.swift; path = MTSymbol.swift; sourceTree = "<group>"; };
		E13BEAB42766BBDC00368ABF /* UIColor+Ext.swift */ = {isa = PBXFileReference; lastKnownFileType = sourcecode.swift; path = "UIColor+Ext.swift"; sourceTree = "<group>"; };
		E13BEAB62766EEF000368ABF /* UIView+Ext.swift */ = {isa = PBXFileReference; lastKnownFileType = sourcecode.swift; path = "UIView+Ext.swift"; sourceTree = "<group>"; };
		E13BEAB92766F94700368ABF /* MTMealsViewController.swift */ = {isa = PBXFileReference; lastKnownFileType = sourcecode.swift; path = MTMealsViewController.swift; sourceTree = "<group>"; };
		E13BEABF2767150600368ABF /* MTMealsTableViewCell.swift */ = {isa = PBXFileReference; lastKnownFileType = sourcecode.swift; path = MTMealsTableViewCell.swift; sourceTree = "<group>"; };
		E13BEAC12767164B00368ABF /* MTThumbnailImageView.swift */ = {isa = PBXFileReference; lastKnownFileType = sourcecode.swift; path = MTThumbnailImageView.swift; sourceTree = "<group>"; };
		E13BEAC32767168500368ABF /* MTBodyLabel.swift */ = {isa = PBXFileReference; lastKnownFileType = sourcecode.swift; path = MTBodyLabel.swift; sourceTree = "<group>"; };
		E13BEACA276727BF00368ABF /* MTMealDetailViewController.swift */ = {isa = PBXFileReference; lastKnownFileType = sourcecode.swift; path = MTMealDetailViewController.swift; sourceTree = "<group>"; };
		E13BEACC2767350100368ABF /* MTMealDetailTitleTableViewCell.swift */ = {isa = PBXFileReference; lastKnownFileType = sourcecode.swift; path = MTMealDetailTitleTableViewCell.swift; sourceTree = "<group>"; };
		E13BEACE2767352700368ABF /* MTMealDetailBannerTableViewCell.swift */ = {isa = PBXFileReference; lastKnownFileType = sourcecode.swift; path = MTMealDetailBannerTableViewCell.swift; sourceTree = "<group>"; };
		E13BEAD12767354E00368ABF /* MTMealDetailIngredientTableViewCell.swift */ = {isa = PBXFileReference; lastKnownFileType = sourcecode.swift; path = MTMealDetailIngredientTableViewCell.swift; sourceTree = "<group>"; };
		E13BEAD32767358A00368ABF /* MTMealDetailPreparationTableViewCell.swift */ = {isa = PBXFileReference; lastKnownFileType = sourcecode.swift; path = MTMealDetailPreparationTableViewCell.swift; sourceTree = "<group>"; };
		E13BEAD927678A0400368ABF /* MTTitleLabel.swift */ = {isa = PBXFileReference; lastKnownFileType = sourcecode.swift; path = MTTitleLabel.swift; sourceTree = "<group>"; };
		E13BEADB2767A42500368ABF /* MTMealDetailLabel.swift */ = {isa = PBXFileReference; lastKnownFileType = sourcecode.swift; path = MTMealDetailLabel.swift; sourceTree = "<group>"; };
		E13BEADD2767AC5F00368ABF /* MTMealDetailYoutubeTableViewCell.swift */ = {isa = PBXFileReference; lastKnownFileType = sourcecode.swift; path = MTMealDetailYoutubeTableViewCell.swift; sourceTree = "<group>"; };
		E13BEAE22772C3D200368ABF /* MTMealsViewController+UITableViewDataSource.swift */ = {isa = PBXFileReference; lastKnownFileType = sourcecode.swift; path = "MTMealsViewController+UITableViewDataSource.swift"; sourceTree = "<group>"; };
		E13BEAE42772C3E800368ABF /* MTMealsViewController+UITableViewDelegate.swift */ = {isa = PBXFileReference; lastKnownFileType = sourcecode.swift; path = "MTMealsViewController+UITableViewDelegate.swift"; sourceTree = "<group>"; };
		E13BEAE62772C44200368ABF /* MTMealDetailViewController+UITableViewDataSource.swift */ = {isa = PBXFileReference; lastKnownFileType = sourcecode.swift; path = "MTMealDetailViewController+UITableViewDataSource.swift"; sourceTree = "<group>"; };
		E13BEAE82772C45900368ABF /* MTMealDetailViewController+UITableViewDelegate.swift */ = {isa = PBXFileReference; lastKnownFileType = sourcecode.swift; path = "MTMealDetailViewController+UITableViewDelegate.swift"; sourceTree = "<group>"; };
		E13BEAEA2772C63000368ABF /* MTCategoriesViewController+UICollectionViewDelegateFlowLayout.swift */ = {isa = PBXFileReference; lastKnownFileType = sourcecode.swift; path = "MTCategoriesViewController+UICollectionViewDelegateFlowLayout.swift"; sourceTree = "<group>"; };
		E1653701276589420019E76F /* MealTimeApp.app */ = {isa = PBXFileReference; explicitFileType = wrapper.application; includeInIndex = 0; path = MealTimeApp.app; sourceTree = BUILT_PRODUCTS_DIR; };
		E1653704276589420019E76F /* AppDelegate.swift */ = {isa = PBXFileReference; lastKnownFileType = sourcecode.swift; path = AppDelegate.swift; sourceTree = "<group>"; };
		E1653706276589420019E76F /* SceneDelegate.swift */ = {isa = PBXFileReference; lastKnownFileType = sourcecode.swift; path = SceneDelegate.swift; sourceTree = "<group>"; };
		E165370D276589470019E76F /* Assets.xcassets */ = {isa = PBXFileReference; lastKnownFileType = folder.assetcatalog; path = Assets.xcassets; sourceTree = "<group>"; };
		E1653710276589470019E76F /* Base */ = {isa = PBXFileReference; lastKnownFileType = file.storyboard; name = Base; path = Base.lproj/LaunchScreen.storyboard; sourceTree = "<group>"; };
		E1653712276589470019E76F /* Info.plist */ = {isa = PBXFileReference; lastKnownFileType = text.plist.xml; path = Info.plist; sourceTree = "<group>"; };
		E165371F27658C900019E76F /* MTCategoriesViewController.swift */ = {isa = PBXFileReference; lastKnownFileType = sourcecode.swift; path = MTCategoriesViewController.swift; sourceTree = "<group>"; };
		E1F95ED027A3891100ED3CB1 /* MealTimeAppTests.xctest */ = {isa = PBXFileReference; explicitFileType = wrapper.cfbundle; includeInIndex = 0; path = MealTimeAppTests.xctest; sourceTree = BUILT_PRODUCTS_DIR; };
		E1F95ED227A3891100ED3CB1 /* MealTimeAppTests.swift */ = {isa = PBXFileReference; lastKnownFileType = sourcecode.swift; path = MealTimeAppTests.swift; sourceTree = "<group>"; };
		E1F95ED927A38B7700ED3CB1 /* MTImageServiceTests.swift */ = {isa = PBXFileReference; lastKnownFileType = sourcecode.swift; path = MTImageServiceTests.swift; sourceTree = "<group>"; };
		E1F95EDD27A399F000ED3CB1 /* URLSessionStub.swift */ = {isa = PBXFileReference; lastKnownFileType = sourcecode.swift; path = URLSessionStub.swift; sourceTree = "<group>"; };
/* End PBXFileReference section */

/* Begin PBXFrameworksBuildPhase section */
		E16536FE276589420019E76F /* Frameworks */ = {
			isa = PBXFrameworksBuildPhase;
			buildActionMask = 2147483647;
			files = (
			);
			runOnlyForDeploymentPostprocessing = 0;
		};
		E1F95ECD27A3891100ED3CB1 /* Frameworks */ = {
			isa = PBXFrameworksBuildPhase;
			buildActionMask = 2147483647;
			files = (
			);
			runOnlyForDeploymentPostprocessing = 0;
		};
/* End PBXFrameworksBuildPhase section */

/* Begin PBXGroup section */
		E117647827A2F47800C1285F /* Protocols */ = {
			isa = PBXGroup;
			children = (
				E117647927A2F49000C1285F /* Cancellable.swift */,
			);
			path = Protocols;
			sourceTree = "<group>";
		};
		E13BEAB82766F91500368ABF /* MTMealsController */ = {
			isa = PBXGroup;
			children = (
				E13BEAB92766F94700368ABF /* MTMealsViewController.swift */,
				E13BEAE22772C3D200368ABF /* MTMealsViewController+UITableViewDataSource.swift */,
				E13BEAE42772C3E800368ABF /* MTMealsViewController+UITableViewDelegate.swift */,
			);
			path = MTMealsController;
			sourceTree = "<group>";
		};
		E13BEAC52767169000368ABF /* TableViewCells */ = {
			isa = PBXGroup;
			children = (
				E13BEABF2767150600368ABF /* MTMealsTableViewCell.swift */,
				E13BEADF276A8D8900368ABF /* MTMealDetailTableViewCells */,
			);
			path = TableViewCells;
			sourceTree = "<group>";
		};
		E13BEAC62767169D00368ABF /* CollectionViewCells */ = {
			isa = PBXGroup;
			children = (
				E13BEAB02766A11500368ABF /* MTCategoryCollectionViewCell.swift */,
			);
			path = CollectionViewCells;
			sourceTree = "<group>";
		};
		E13BEAC7276716AD00368ABF /* Labels */ = {
			isa = PBXGroup;
			children = (
				E13BEAC32767168500368ABF /* MTBodyLabel.swift */,
				E13BEAD927678A0400368ABF /* MTTitleLabel.swift */,
				E13BEADB2767A42500368ABF /* MTMealDetailLabel.swift */,
			);
			path = Labels;
			sourceTree = "<group>";
		};
		E13BEAC8276716B100368ABF /* ImageViews */ = {
			isa = PBXGroup;
			children = (
				E13BEAC12767164B00368ABF /* MTThumbnailImageView.swift */,
			);
			path = ImageViews;
			sourceTree = "<group>";
		};
		E13BEAC92767279E00368ABF /* MTMealDetailController */ = {
			isa = PBXGroup;
			children = (
				E13BEACA276727BF00368ABF /* MTMealDetailViewController.swift */,
				E13BEAE62772C44200368ABF /* MTMealDetailViewController+UITableViewDataSource.swift */,
				E13BEAE82772C45900368ABF /* MTMealDetailViewController+UITableViewDelegate.swift */,
			);
			path = MTMealDetailController;
			sourceTree = "<group>";
		};
		E13BEADF276A8D8900368ABF /* MTMealDetailTableViewCells */ = {
			isa = PBXGroup;
			children = (
				E13BEACE2767352700368ABF /* MTMealDetailBannerTableViewCell.swift */,
				E13BEACC2767350100368ABF /* MTMealDetailTitleTableViewCell.swift */,
				E13BEAD12767354E00368ABF /* MTMealDetailIngredientTableViewCell.swift */,
				E13BEAD32767358A00368ABF /* MTMealDetailPreparationTableViewCell.swift */,
				E13BEADD2767AC5F00368ABF /* MTMealDetailYoutubeTableViewCell.swift */,
			);
			path = MTMealDetailTableViewCells;
			sourceTree = "<group>";
		};
		E16536F8276589420019E76F = {
			isa = PBXGroup;
			children = (
				E1653703276589420019E76F /* MealTimeApp */,
				E1F95ED127A3891100ED3CB1 /* MealTimeAppTests */,
				E1653702276589420019E76F /* Products */,
			);
			sourceTree = "<group>";
		};
		E1653702276589420019E76F /* Products */ = {
			isa = PBXGroup;
			children = (
				E1653701276589420019E76F /* MealTimeApp.app */,
				E1F95ED027A3891100ED3CB1 /* MealTimeAppTests.xctest */,
			);
			name = Products;
			sourceTree = "<group>";
		};
		E1653703276589420019E76F /* MealTimeApp */ = {
			isa = PBXGroup;
			children = (
				E165371E27658B220019E76F /* Managers */,
				E165371D27658B0D0019E76F /* Utitlity */,
				E117647827A2F47800C1285F /* Protocols */,
				E165371C27658B080019E76F /* Extensions */,
				E1F95EE127A39D4F00ED3CB1 /* Stubs */,
				E165371927658AE80019E76F /* Models */,
				E165371A27658AED0019E76F /* Views */,
				E165371B27658AF00019E76F /* Controllers */,
				E165372127658C930019E76F /* Screens */,
				E165371827658A890019E76F /* Support */,
				E1653712276589470019E76F /* Info.plist */,
			);
			path = MealTimeApp;
			sourceTree = "<group>";
		};
		E165371827658A890019E76F /* Support */ = {
			isa = PBXGroup;
			children = (
				E1653704276589420019E76F /* AppDelegate.swift */,
				E1653706276589420019E76F /* SceneDelegate.swift */,
				E165370D276589470019E76F /* Assets.xcassets */,
				E165370F276589470019E76F /* LaunchScreen.storyboard */,
			);
			path = Support;
			sourceTree = "<group>";
		};
		E165371927658AE80019E76F /* Models */ = {
			isa = PBXGroup;
			children = (
				E13BEAA42766117900368ABF /* MTCategoriesResponse.swift */,
				E13BEA912765A18100368ABF /* MTCategory.swift */,
				E13BEA972765A65A00368ABF /* MTMealsResponse.swift */,
				E13BEA932765A2B500368ABF /* MTMeal.swift */,
				E13BEAA2276605A600368ABF /* MTMealsDetailResponse.swift */,
				E13BEAA02765E4D800368ABF /* MTMealDetail.swift */,
			);
			path = Models;
			sourceTree = "<group>";
		};
		E165371A27658AED0019E76F /* Views */ = {
			isa = PBXGroup;
			children = (
				E13BEAC8276716B100368ABF /* ImageViews */,
				E13BEAC7276716AD00368ABF /* Labels */,
				E13BEAC62767169D00368ABF /* CollectionViewCells */,
				E13BEAC52767169000368ABF /* TableViewCells */,
			);
			path = Views;
			sourceTree = "<group>";
		};
		E165371B27658AF00019E76F /* Controllers */ = {
			isa = PBXGroup;
			children = (
				E13BEA9E2765D0E300368ABF /* MTNavigationController.swift */,
			);
			path = Controllers;
			sourceTree = "<group>";
		};
		E165371C27658B080019E76F /* Extensions */ = {
			isa = PBXGroup;
			children = (
				E13BEAA627667EFC00368ABF /* UIViewController+Ext.swift */,
				E13BEAB42766BBDC00368ABF /* UIColor+Ext.swift */,
				E13BEAB62766EEF000368ABF /* UIView+Ext.swift */,
				E117647B27A2F4DC00C1285F /* URLSessionTask+Cancellable.swift */,
			);
			path = Extensions;
			sourceTree = "<group>";
		};
		E165371D27658B0D0019E76F /* Utitlity */ = {
			isa = PBXGroup;
			children = (
				E13BEA992765ACFF00368ABF /* MTNetworkingError.swift */,
				E13BEAB22766B89700368ABF /* MTSymbol.swift */,
			);
			path = Utitlity;
			sourceTree = "<group>";
		};
		E165371E27658B220019E76F /* Managers */ = {
			isa = PBXGroup;
			children = (
				E13BEA8F2765A05400368ABF /* MTNetworkManager.swift */,
				E117647627A2F42200C1285F /* MTImageService.swift */,
			);
			path = Managers;
			sourceTree = "<group>";
		};
		E165372127658C930019E76F /* Screens */ = {
			isa = PBXGroup;
			children = (
				E165372227658CBE0019E76F /* MTCategoriesController */,
				E13BEAB82766F91500368ABF /* MTMealsController */,
				E13BEAC92767279E00368ABF /* MTMealDetailController */,
			);
			path = Screens;
			sourceTree = "<group>";
		};
		E165372227658CBE0019E76F /* MTCategoriesController */ = {
			isa = PBXGroup;
			children = (
				E165371F27658C900019E76F /* MTCategoriesViewController.swift */,
				E13BEAEA2772C63000368ABF /* MTCategoriesViewController+UICollectionViewDelegateFlowLayout.swift */,
				E121F0F7278508A400E354E5 /* MTCategoriesDiffableDataSource.swift */,
			);
			path = MTCategoriesController;
			sourceTree = "<group>";
		};
		E1F95ED127A3891100ED3CB1 /* MealTimeAppTests */ = {
			isa = PBXGroup;
			children = (
				E1F95ED227A3891100ED3CB1 /* MealTimeAppTests.swift */,
				E1F95ED927A38B7700ED3CB1 /* MTImageServiceTests.swift */,
			);
			path = MealTimeAppTests;
			sourceTree = "<group>";
		};
		E1F95EE127A39D4F00ED3CB1 /* Stubs */ = {
			isa = PBXGroup;
			children = (
				E1F95EDD27A399F000ED3CB1 /* URLSessionStub.swift */,
			);
			path = Stubs;
			sourceTree = "<group>";
		};
/* End PBXGroup section */

/* Begin PBXNativeTarget section */
		E1653700276589420019E76F /* MealTimeApp */ = {
			isa = PBXNativeTarget;
			buildConfigurationList = E1653715276589470019E76F /* Build configuration list for PBXNativeTarget "MealTimeApp" */;
			buildPhases = (
				E16536FD276589420019E76F /* Sources */,
				E16536FE276589420019E76F /* Frameworks */,
				E16536FF276589420019E76F /* Resources */,
			);
			buildRules = (
			);
			dependencies = (
			);
			name = MealTimeApp;
			productName = MealTimeApp;
			productReference = E1653701276589420019E76F /* MealTimeApp.app */;
			productType = "com.apple.product-type.application";
		};
		E1F95ECF27A3891100ED3CB1 /* MealTimeAppTests */ = {
			isa = PBXNativeTarget;
			buildConfigurationList = E1F95ED627A3891100ED3CB1 /* Build configuration list for PBXNativeTarget "MealTimeAppTests" */;
			buildPhases = (
				E1F95ECC27A3891100ED3CB1 /* Sources */,
				E1F95ECD27A3891100ED3CB1 /* Frameworks */,
				E1F95ECE27A3891100ED3CB1 /* Resources */,
			);
			buildRules = (
			);
			dependencies = (
				E1F95ED527A3891100ED3CB1 /* PBXTargetDependency */,
			);
			name = MealTimeAppTests;
			productName = MealTimeAppTests;
			productReference = E1F95ED027A3891100ED3CB1 /* MealTimeAppTests.xctest */;
			productType = "com.apple.product-type.bundle.unit-test";
		};
/* End PBXNativeTarget section */

/* Begin PBXProject section */
		E16536F9276589420019E76F /* Project object */ = {
			isa = PBXProject;
			attributes = {
				BuildIndependentTargetsInParallel = 1;
				LastSwiftUpdateCheck = 1310;
				LastUpgradeCheck = 1310;
				TargetAttributes = {
					E1653700276589420019E76F = {
						CreatedOnToolsVersion = 13.1;
					};
					E1F95ECF27A3891100ED3CB1 = {
						CreatedOnToolsVersion = 13.1;
						TestTargetID = E1653700276589420019E76F;
					};
				};
			};
			buildConfigurationList = E16536FC276589420019E76F /* Build configuration list for PBXProject "MealTimeApp" */;
			compatibilityVersion = "Xcode 13.0";
			developmentRegion = en;
			hasScannedForEncodings = 0;
			knownRegions = (
				en,
				Base,
			);
			mainGroup = E16536F8276589420019E76F;
			productRefGroup = E1653702276589420019E76F /* Products */;
			projectDirPath = "";
			projectRoot = "";
			targets = (
				E1653700276589420019E76F /* MealTimeApp */,
				E1F95ECF27A3891100ED3CB1 /* MealTimeAppTests */,
			);
		};
/* End PBXProject section */

/* Begin PBXResourcesBuildPhase section */
		E16536FF276589420019E76F /* Resources */ = {
			isa = PBXResourcesBuildPhase;
			buildActionMask = 2147483647;
			files = (
				E1653711276589470019E76F /* LaunchScreen.storyboard in Resources */,
				E165370E276589470019E76F /* Assets.xcassets in Resources */,
			);
			runOnlyForDeploymentPostprocessing = 0;
		};
		E1F95ECE27A3891100ED3CB1 /* Resources */ = {
			isa = PBXResourcesBuildPhase;
			buildActionMask = 2147483647;
			files = (
			);
			runOnlyForDeploymentPostprocessing = 0;
		};
/* End PBXResourcesBuildPhase section */

/* Begin PBXSourcesBuildPhase section */
		E16536FD276589420019E76F /* Sources */ = {
			isa = PBXSourcesBuildPhase;
			buildActionMask = 2147483647;
			files = (
				E13BEACB276727BF00368ABF /* MTMealDetailViewController.swift in Sources */,
				E1653705276589420019E76F /* AppDelegate.swift in Sources */,
				E13BEAA727667EFC00368ABF /* UIViewController+Ext.swift in Sources */,
				E165372027658C900019E76F /* MTCategoriesViewController.swift in Sources */,
				E13BEA9A2765ACFF00368ABF /* MTNetworkingError.swift in Sources */,
				E13BEAC42767168500368ABF /* MTBodyLabel.swift in Sources */,
				E13BEAB32766B89700368ABF /* MTSymbol.swift in Sources */,
				E13BEABA2766F94700368ABF /* MTMealsViewController.swift in Sources */,
				E13BEAE72772C44200368ABF /* MTMealDetailViewController+UITableViewDataSource.swift in Sources */,
				E117647A27A2F49000C1285F /* Cancellable.swift in Sources */,
				E121F0F8278508A400E354E5 /* MTCategoriesDiffableDataSource.swift in Sources */,
				E13BEAA12765E4D800368ABF /* MTMealDetail.swift in Sources */,
				E13BEAD22767354E00368ABF /* MTMealDetailIngredientTableViewCell.swift in Sources */,
				E13BEAB72766EEF000368ABF /* UIView+Ext.swift in Sources */,
				E13BEA982765A65A00368ABF /* MTMealsResponse.swift in Sources */,
				E13BEAA3276605A600368ABF /* MTMealsDetailResponse.swift in Sources */,
				E13BEAE32772C3D200368ABF /* MTMealsViewController+UITableViewDataSource.swift in Sources */,
				E13BEADA27678A0400368ABF /* MTTitleLabel.swift in Sources */,
				E13BEACD2767350100368ABF /* MTMealDetailTitleTableViewCell.swift in Sources */,
				E1653707276589420019E76F /* SceneDelegate.swift in Sources */,
				E13BEAE52772C3E800368ABF /* MTMealsViewController+UITableViewDelegate.swift in Sources */,
				E13BEACF2767352700368ABF /* MTMealDetailBannerTableViewCell.swift in Sources */,
				E13BEAC02767150600368ABF /* MTMealsTableViewCell.swift in Sources */,
				E13BEA902765A05400368ABF /* MTNetworkManager.swift in Sources */,
				E13BEAE92772C45900368ABF /* MTMealDetailViewController+UITableViewDelegate.swift in Sources */,
				E117647727A2F42200C1285F /* MTImageService.swift in Sources */,
				E13BEAD42767358A00368ABF /* MTMealDetailPreparationTableViewCell.swift in Sources */,
				E13BEAC22767164B00368ABF /* MTThumbnailImageView.swift in Sources */,
				E13BEADE2767AC5F00368ABF /* MTMealDetailYoutubeTableViewCell.swift in Sources */,
				E13BEAA52766117900368ABF /* MTCategoriesResponse.swift in Sources */,
				E117647C27A2F4DC00C1285F /* URLSessionTask+Cancellable.swift in Sources */,
				E13BEAEB2772C63000368ABF /* MTCategoriesViewController+UICollectionViewDelegateFlowLayout.swift in Sources */,
				E13BEA922765A18100368ABF /* MTCategory.swift in Sources */,
				E13BEA9F2765D0E300368ABF /* MTNavigationController.swift in Sources */,
				E13BEAB52766BBDC00368ABF /* UIColor+Ext.swift in Sources */,
				E13BEA942765A2B500368ABF /* MTMeal.swift in Sources */,
				E13BEAB12766A11500368ABF /* MTCategoryCollectionViewCell.swift in Sources */,
				E13BEADC2767A42500368ABF /* MTMealDetailLabel.swift in Sources */,
				E1F95EDE27A399F000ED3CB1 /* URLSessionStub.swift in Sources */,
			);
			runOnlyForDeploymentPostprocessing = 0;
		};
		E1F95ECC27A3891100ED3CB1 /* Sources */ = {
			isa = PBXSourcesBuildPhase;
			buildActionMask = 2147483647;
			files = (
				E1F95EDA27A38B7700ED3CB1 /* MTImageServiceTests.swift in Sources */,
				E1F95ED327A3891100ED3CB1 /* MealTimeAppTests.swift in Sources */,
			);
			runOnlyForDeploymentPostprocessing = 0;
		};
/* End PBXSourcesBuildPhase section */

/* Begin PBXTargetDependency section */
		E1F95ED527A3891100ED3CB1 /* PBXTargetDependency */ = {
			isa = PBXTargetDependency;
			target = E1653700276589420019E76F /* MealTimeApp */;
			targetProxy = E1F95ED427A3891100ED3CB1 /* PBXContainerItemProxy */;
		};
/* End PBXTargetDependency section */

/* Begin PBXVariantGroup section */
		E165370F276589470019E76F /* LaunchScreen.storyboard */ = {
			isa = PBXVariantGroup;
			children = (
				E1653710276589470019E76F /* Base */,
			);
			name = LaunchScreen.storyboard;
			sourceTree = "<group>";
		};
/* End PBXVariantGroup section */

/* Begin XCBuildConfiguration section */
		E1653713276589470019E76F /* Debug */ = {
			isa = XCBuildConfiguration;
			buildSettings = {
				ALWAYS_SEARCH_USER_PATHS = NO;
				CLANG_ANALYZER_NONNULL = YES;
				CLANG_ANALYZER_NUMBER_OBJECT_CONVERSION = YES_AGGRESSIVE;
				CLANG_CXX_LANGUAGE_STANDARD = "gnu++17";
				CLANG_CXX_LIBRARY = "libc++";
				CLANG_ENABLE_MODULES = YES;
				CLANG_ENABLE_OBJC_ARC = YES;
				CLANG_ENABLE_OBJC_WEAK = YES;
				CLANG_WARN_BLOCK_CAPTURE_AUTORELEASING = YES;
				CLANG_WARN_BOOL_CONVERSION = YES;
				CLANG_WARN_COMMA = YES;
				CLANG_WARN_CONSTANT_CONVERSION = YES;
				CLANG_WARN_DEPRECATED_OBJC_IMPLEMENTATIONS = YES;
				CLANG_WARN_DIRECT_OBJC_ISA_USAGE = YES_ERROR;
				CLANG_WARN_DOCUMENTATION_COMMENTS = YES;
				CLANG_WARN_EMPTY_BODY = YES;
				CLANG_WARN_ENUM_CONVERSION = YES;
				CLANG_WARN_INFINITE_RECURSION = YES;
				CLANG_WARN_INT_CONVERSION = YES;
				CLANG_WARN_NON_LITERAL_NULL_CONVERSION = YES;
				CLANG_WARN_OBJC_IMPLICIT_RETAIN_SELF = YES;
				CLANG_WARN_OBJC_LITERAL_CONVERSION = YES;
				CLANG_WARN_OBJC_ROOT_CLASS = YES_ERROR;
				CLANG_WARN_QUOTED_INCLUDE_IN_FRAMEWORK_HEADER = YES;
				CLANG_WARN_RANGE_LOOP_ANALYSIS = YES;
				CLANG_WARN_STRICT_PROTOTYPES = YES;
				CLANG_WARN_SUSPICIOUS_MOVE = YES;
				CLANG_WARN_UNGUARDED_AVAILABILITY = YES_AGGRESSIVE;
				CLANG_WARN_UNREACHABLE_CODE = YES;
				CLANG_WARN__DUPLICATE_METHOD_MATCH = YES;
				COPY_PHASE_STRIP = NO;
				DEBUG_INFORMATION_FORMAT = dwarf;
				ENABLE_STRICT_OBJC_MSGSEND = YES;
				ENABLE_TESTABILITY = YES;
				GCC_C_LANGUAGE_STANDARD = gnu11;
				GCC_DYNAMIC_NO_PIC = NO;
				GCC_NO_COMMON_BLOCKS = YES;
				GCC_OPTIMIZATION_LEVEL = 0;
				GCC_PREPROCESSOR_DEFINITIONS = (
					"DEBUG=1",
					"$(inherited)",
				);
				GCC_WARN_64_TO_32_BIT_CONVERSION = YES;
				GCC_WARN_ABOUT_RETURN_TYPE = YES_ERROR;
				GCC_WARN_UNDECLARED_SELECTOR = YES;
				GCC_WARN_UNINITIALIZED_AUTOS = YES_AGGRESSIVE;
				GCC_WARN_UNUSED_FUNCTION = YES;
				GCC_WARN_UNUSED_VARIABLE = YES;
				IPHONEOS_DEPLOYMENT_TARGET = 15.0;
				MTL_ENABLE_DEBUG_INFO = INCLUDE_SOURCE;
				MTL_FAST_MATH = YES;
				ONLY_ACTIVE_ARCH = YES;
				SDKROOT = iphoneos;
				SWIFT_ACTIVE_COMPILATION_CONDITIONS = DEBUG;
				SWIFT_OPTIMIZATION_LEVEL = "-Onone";
			};
			name = Debug;
		};
		E1653714276589470019E76F /* Release */ = {
			isa = XCBuildConfiguration;
			buildSettings = {
				ALWAYS_SEARCH_USER_PATHS = NO;
				CLANG_ANALYZER_NONNULL = YES;
				CLANG_ANALYZER_NUMBER_OBJECT_CONVERSION = YES_AGGRESSIVE;
				CLANG_CXX_LANGUAGE_STANDARD = "gnu++17";
				CLANG_CXX_LIBRARY = "libc++";
				CLANG_ENABLE_MODULES = YES;
				CLANG_ENABLE_OBJC_ARC = YES;
				CLANG_ENABLE_OBJC_WEAK = YES;
				CLANG_WARN_BLOCK_CAPTURE_AUTORELEASING = YES;
				CLANG_WARN_BOOL_CONVERSION = YES;
				CLANG_WARN_COMMA = YES;
				CLANG_WARN_CONSTANT_CONVERSION = YES;
				CLANG_WARN_DEPRECATED_OBJC_IMPLEMENTATIONS = YES;
				CLANG_WARN_DIRECT_OBJC_ISA_USAGE = YES_ERROR;
				CLANG_WARN_DOCUMENTATION_COMMENTS = YES;
				CLANG_WARN_EMPTY_BODY = YES;
				CLANG_WARN_ENUM_CONVERSION = YES;
				CLANG_WARN_INFINITE_RECURSION = YES;
				CLANG_WARN_INT_CONVERSION = YES;
				CLANG_WARN_NON_LITERAL_NULL_CONVERSION = YES;
				CLANG_WARN_OBJC_IMPLICIT_RETAIN_SELF = YES;
				CLANG_WARN_OBJC_LITERAL_CONVERSION = YES;
				CLANG_WARN_OBJC_ROOT_CLASS = YES_ERROR;
				CLANG_WARN_QUOTED_INCLUDE_IN_FRAMEWORK_HEADER = YES;
				CLANG_WARN_RANGE_LOOP_ANALYSIS = YES;
				CLANG_WARN_STRICT_PROTOTYPES = YES;
				CLANG_WARN_SUSPICIOUS_MOVE = YES;
				CLANG_WARN_UNGUARDED_AVAILABILITY = YES_AGGRESSIVE;
				CLANG_WARN_UNREACHABLE_CODE = YES;
				CLANG_WARN__DUPLICATE_METHOD_MATCH = YES;
				COPY_PHASE_STRIP = NO;
				DEBUG_INFORMATION_FORMAT = "dwarf-with-dsym";
				ENABLE_NS_ASSERTIONS = NO;
				ENABLE_STRICT_OBJC_MSGSEND = YES;
				GCC_C_LANGUAGE_STANDARD = gnu11;
				GCC_NO_COMMON_BLOCKS = YES;
				GCC_WARN_64_TO_32_BIT_CONVERSION = YES;
				GCC_WARN_ABOUT_RETURN_TYPE = YES_ERROR;
				GCC_WARN_UNDECLARED_SELECTOR = YES;
				GCC_WARN_UNINITIALIZED_AUTOS = YES_AGGRESSIVE;
				GCC_WARN_UNUSED_FUNCTION = YES;
				GCC_WARN_UNUSED_VARIABLE = YES;
				IPHONEOS_DEPLOYMENT_TARGET = 15.0;
				MTL_ENABLE_DEBUG_INFO = NO;
				MTL_FAST_MATH = YES;
				SDKROOT = iphoneos;
				SWIFT_COMPILATION_MODE = wholemodule;
				SWIFT_OPTIMIZATION_LEVEL = "-O";
				VALIDATE_PRODUCT = YES;
			};
			name = Release;
		};
		E1653716276589470019E76F /* Debug */ = {
			isa = XCBuildConfiguration;
			buildSettings = {
				ASSETCATALOG_COMPILER_APPICON_NAME = AppIcon;
				ASSETCATALOG_COMPILER_GLOBAL_ACCENT_COLOR_NAME = AccentColor;
				CODE_SIGN_STYLE = Automatic;
				CURRENT_PROJECT_VERSION = 1;
				DEVELOPMENT_TEAM = XWVP4F494Z;
				GENERATE_INFOPLIST_FILE = YES;
				INFOPLIST_FILE = MealTimeApp/Info.plist;
				INFOPLIST_KEY_UIApplicationSupportsIndirectInputEvents = YES;
				INFOPLIST_KEY_UILaunchStoryboardName = LaunchScreen;
				INFOPLIST_KEY_UISupportedInterfaceOrientations = "";
				INFOPLIST_KEY_UISupportedInterfaceOrientations_iPad = "UIInterfaceOrientationPortrait UIInterfaceOrientationPortraitUpsideDown UIInterfaceOrientationLandscapeLeft UIInterfaceOrientationLandscapeRight";
				INFOPLIST_KEY_UISupportedInterfaceOrientations_iPhone = "UIInterfaceOrientationPortrait UIInterfaceOrientationLandscapeLeft UIInterfaceOrientationLandscapeRight";
				IPHONEOS_DEPLOYMENT_TARGET = 15.0;
				LD_RUNPATH_SEARCH_PATHS = (
					"$(inherited)",
					"@executable_path/Frameworks",
				);
				MARKETING_VERSION = 1.0;
				PRODUCT_BUNDLE_IDENTIFIER = dev.jasonpinlac.MealTimeApp;
				PRODUCT_NAME = "$(TARGET_NAME)";
				SWIFT_EMIT_LOC_STRINGS = YES;
				SWIFT_VERSION = 5.0;
				TARGETED_DEVICE_FAMILY = 1;
			};
			name = Debug;
		};
		E1653717276589470019E76F /* Release */ = {
			isa = XCBuildConfiguration;
			buildSettings = {
				ASSETCATALOG_COMPILER_APPICON_NAME = AppIcon;
				ASSETCATALOG_COMPILER_GLOBAL_ACCENT_COLOR_NAME = AccentColor;
				CODE_SIGN_STYLE = Automatic;
				CURRENT_PROJECT_VERSION = 1;
				DEVELOPMENT_TEAM = XWVP4F494Z;
				GENERATE_INFOPLIST_FILE = YES;
				INFOPLIST_FILE = MealTimeApp/Info.plist;
				INFOPLIST_KEY_UIApplicationSupportsIndirectInputEvents = YES;
				INFOPLIST_KEY_UILaunchStoryboardName = LaunchScreen;
				INFOPLIST_KEY_UISupportedInterfaceOrientations = "";
				INFOPLIST_KEY_UISupportedInterfaceOrientations_iPad = "UIInterfaceOrientationPortrait UIInterfaceOrientationPortraitUpsideDown UIInterfaceOrientationLandscapeLeft UIInterfaceOrientationLandscapeRight";
				INFOPLIST_KEY_UISupportedInterfaceOrientations_iPhone = "UIInterfaceOrientationPortrait UIInterfaceOrientationLandscapeLeft UIInterfaceOrientationLandscapeRight";
				IPHONEOS_DEPLOYMENT_TARGET = 15.0;
				LD_RUNPATH_SEARCH_PATHS = (
					"$(inherited)",
					"@executable_path/Frameworks",
				);
				MARKETING_VERSION = 1.0;
				PRODUCT_BUNDLE_IDENTIFIER = dev.jasonpinlac.MealTimeApp;
				PRODUCT_NAME = "$(TARGET_NAME)";
				SWIFT_EMIT_LOC_STRINGS = YES;
				SWIFT_VERSION = 5.0;
				TARGETED_DEVICE_FAMILY = 1;
			};
			name = Release;
		};
		E1F95ED727A3891100ED3CB1 /* Debug */ = {
			isa = XCBuildConfiguration;
			buildSettings = {
				BUNDLE_LOADER = "$(TEST_HOST)";
				CODE_SIGN_STYLE = Automatic;
				CURRENT_PROJECT_VERSION = 1;
				DEVELOPMENT_TEAM = XWVP4F494Z;
				GENERATE_INFOPLIST_FILE = YES;
				LD_RUNPATH_SEARCH_PATHS = (
					"$(inherited)",
					"@executable_path/Frameworks",
					"@loader_path/Frameworks",
				);
				MARKETING_VERSION = 1.0;
				PRODUCT_BUNDLE_IDENTIFIER = dev.jasonpinlac.MealTimeAppTests;
				PRODUCT_NAME = "$(TARGET_NAME)";
				SWIFT_EMIT_LOC_STRINGS = NO;
				SWIFT_VERSION = 5.0;
				TARGETED_DEVICE_FAMILY = "1,2";
				TEST_HOST = "$(BUILT_PRODUCTS_DIR)/MealTimeApp.app/MealTimeApp";
			};
			name = Debug;
		};
		E1F95ED827A3891100ED3CB1 /* Release */ = {
			isa = XCBuildConfiguration;
			buildSettings = {
				BUNDLE_LOADER = "$(TEST_HOST)";
				CODE_SIGN_STYLE = Automatic;
				CURRENT_PROJECT_VERSION = 1;
				DEVELOPMENT_TEAM = XWVP4F494Z;
				GENERATE_INFOPLIST_FILE = YES;
				LD_RUNPATH_SEARCH_PATHS = (
					"$(inherited)",
					"@executable_path/Frameworks",
					"@loader_path/Frameworks",
				);
				MARKETING_VERSION = 1.0;
				PRODUCT_BUNDLE_IDENTIFIER = dev.jasonpinlac.MealTimeAppTests;
				PRODUCT_NAME = "$(TARGET_NAME)";
				SWIFT_EMIT_LOC_STRINGS = NO;
				SWIFT_VERSION = 5.0;
				TARGETED_DEVICE_FAMILY = "1,2";
				TEST_HOST = "$(BUILT_PRODUCTS_DIR)/MealTimeApp.app/MealTimeApp";
			};
			name = Release;
		};
/* End XCBuildConfiguration section */

/* Begin XCConfigurationList section */
		E16536FC276589420019E76F /* Build configuration list for PBXProject "MealTimeApp" */ = {
			isa = XCConfigurationList;
			buildConfigurations = (
				E1653713276589470019E76F /* Debug */,
				E1653714276589470019E76F /* Release */,
			);
			defaultConfigurationIsVisible = 0;
			defaultConfigurationName = Release;
		};
		E1653715276589470019E76F /* Build configuration list for PBXNativeTarget "MealTimeApp" */ = {
			isa = XCConfigurationList;
			buildConfigurations = (
				E1653716276589470019E76F /* Debug */,
				E1653717276589470019E76F /* Release */,
			);
			defaultConfigurationIsVisible = 0;
			defaultConfigurationName = Release;
		};
		E1F95ED627A3891100ED3CB1 /* Build configuration list for PBXNativeTarget "MealTimeAppTests" */ = {
			isa = XCConfigurationList;
			buildConfigurations = (
				E1F95ED727A3891100ED3CB1 /* Debug */,
				E1F95ED827A3891100ED3CB1 /* Release */,
			);
			defaultConfigurationIsVisible = 0;
			defaultConfigurationName = Release;
		};
/* End XCConfigurationList section */
	};
	rootObject = E16536F9276589420019E76F /* Project object */;
}
